
Microsoft Visual Studio Solution File, Format Version 12.00
# Visual Studio 15
VisualStudioVersion = 15.0.28307.1082
MinimumVisualStudioVersion = 10.0.40219.1
Project("{8BC9CEB8-8B4A-11D0-8D11-00A0C91BC942}") = "Task2", "Task2\Task2.vcxproj", "{173E2340-2676-43C3-B50E-A92C9B621703}"
EndProject
Global
	GlobalSection(SolutionConfigurationPlatforms) = preSolution
		Debug|x64 = Debug|x64
		Debug|x86 = Debug|x86
		Release|x64 = Release|x64
		Release|x86 = Release|x86
	EndGlobalSection
	GlobalSection(ProjectConfigurationPlatforms) = postSolution
		{173E2340-2676-43C3-B50E-A92C9B621703}.Debug|x64.ActiveCfg = Debug|x64
		{173E2340-2676-43C3-B50E-A92C9B621703}.Debug|x64.Build.0 = Debug|x64
		{173E2340-2676-43C3-B50E-A92C9B621703}.Debug|x86.ActiveCfg = Debug|Win32
		{173E2340-2676-43C3-B50E-A92C9B621703}.Debug|x86.Build.0 = Debug|Win32
		{173E2340-2676-43C3-B50E-A92C9B621703}.Release|x64.ActiveCfg = Release|x64
		{173E2340-2676-43C3-B50E-A92C9B621703}.Release|x64.Build.0 = Release|x64
		{173E2340-2676-43C3-B50E-A92C9B621703}.Release|x86.ActiveCfg = Release|Win32
		{173E2340-2676-43C3-B50E-A92C9B621703}.Release|x86.Build.0 = Release|Win32
	EndGlobalSection
	GlobalSection(SolutionProperties) = preSolution
		HideSolutionNode = FALSE
	EndGlobalSection
	GlobalSection(ExtensibilityGlobals) = postSolution
		SolutionGuid = {1D94ED14-556F-4F7A-B7BB-173F64D0F7AD}
	EndGlobalSection
EndGlobal
